
Microsoft Visual Studio Solution File, Format Version 12.00
# Visual Studio Version 17
VisualStudioVersion = 17.4.33213.308
MinimumVisualStudioVersion = 10.0.40219.1
Project("{8BC9CEB8-8B4A-11D0-8D11-00A0C91BC942}") = "Pointer", "OOP\OOP.vcxproj", "{765A7072-491F-408B-A3B5-1812B30BBE99}"
EndProject
Project("{8BC9CEB8-8B4A-11D0-8D11-00A0C91BC942}") = "Pointer 2", "OOP2\OOP2.vcxproj", "{E14F2B37-B7CD-443F-BE2D-11244963A8A0}"
EndProject
Project("{8BC9CEB8-8B4A-11D0-8D11-00A0C91BC942}") = "Friend Class", "Friend Class\Friend Class.vcxproj", "{8822DBD6-F13A-4D13-8D31-A9DAFAE0A880}"
EndProject
Global
	GlobalSection(SolutionConfigurationPlatforms) = preSolution
		Debug|x64 = Debug|x64
		Debug|x86 = Debug|x86
		Release|x64 = Release|x64
		Release|x86 = Release|x86
	EndGlobalSection
	GlobalSection(ProjectConfigurationPlatforms) = postSolution
		{765A7072-491F-408B-A3B5-1812B30BBE99}.Debug|x64.ActiveCfg = Debug|x64
		{765A7072-491F-408B-A3B5-1812B30BBE99}.Debug|x64.Build.0 = Debug|x64
		{765A7072-491F-408B-A3B5-1812B30BBE99}.Debug|x86.ActiveCfg = Debug|Win32
		{765A7072-491F-408B-A3B5-1812B30BBE99}.Debug|x86.Build.0 = Debug|Win32
		{765A7072-491F-408B-A3B5-1812B30BBE99}.Release|x64.ActiveCfg = Release|x64
		{765A7072-491F-408B-A3B5-1812B30BBE99}.Release|x64.Build.0 = Release|x64
		{765A7072-491F-408B-A3B5-1812B30BBE99}.Release|x86.ActiveCfg = Release|Win32
		{765A7072-491F-408B-A3B5-1812B30BBE99}.Release|x86.Build.0 = Release|Win32
		{E14F2B37-B7CD-443F-BE2D-11244963A8A0}.Debug|x64.ActiveCfg = Debug|x64
		{E14F2B37-B7CD-443F-BE2D-11244963A8A0}.Debug|x64.Build.0 = Debug|x64
		{E14F2B37-B7CD-443F-BE2D-11244963A8A0}.Debug|x86.ActiveCfg = Debug|Win32
		{E14F2B37-B7CD-443F-BE2D-11244963A8A0}.Debug|x86.Build.0 = Debug|Win32
		{E14F2B37-B7CD-443F-BE2D-11244963A8A0}.Release|x64.ActiveCfg = Release|x64
		{E14F2B37-B7CD-443F-BE2D-11244963A8A0}.Release|x64.Build.0 = Release|x64
		{E14F2B37-B7CD-443F-BE2D-11244963A8A0}.Release|x86.ActiveCfg = Release|Win32
		{E14F2B37-B7CD-443F-BE2D-11244963A8A0}.Release|x86.Build.0 = Release|Win32
		{8822DBD6-F13A-4D13-8D31-A9DAFAE0A880}.Debug|x64.ActiveCfg = Debug|x64
		{8822DBD6-F13A-4D13-8D31-A9DAFAE0A880}.Debug|x64.Build.0 = Debug|x64
		{8822DBD6-F13A-4D13-8D31-A9DAFAE0A880}.Debug|x86.ActiveCfg = Debug|Win32
		{8822DBD6-F13A-4D13-8D31-A9DAFAE0A880}.Debug|x86.Build.0 = Debug|Win32
		{8822DBD6-F13A-4D13-8D31-A9DAFAE0A880}.Release|x64.ActiveCfg = Release|x64
		{8822DBD6-F13A-4D13-8D31-A9DAFAE0A880}.Release|x64.Build.0 = Release|x64
		{8822DBD6-F13A-4D13-8D31-A9DAFAE0A880}.Release|x86.ActiveCfg = Release|Win32
		{8822DBD6-F13A-4D13-8D31-A9DAFAE0A880}.Release|x86.Build.0 = Release|Win32
	EndGlobalSection
	GlobalSection(SolutionProperties) = preSolution
		HideSolutionNode = FALSE
	EndGlobalSection
	GlobalSection(ExtensibilityGlobals) = postSolution
		SolutionGuid = {DFBD894F-1A2D-4C9C-B1BE-B756CA8F1DEF}
	EndGlobalSection
EndGlobal
